
Microsoft Visual Studio Solution File, Format Version 12.00
# Visual Studio 15
VisualStudioVersion = 15.0.26730.15
MinimumVisualStudioVersion = 10.0.40219.1
Project("{FAE04EC0-301F-11D3-BF4B-00C04F79EFBC}") = "CoinApp", "CoinApp\CoinApp.csproj", "{A7A5C908-1155-44EA-BC6A-95EB991DE5A6}"
EndProject
Global
	GlobalSection(SolutionConfigurationPlatforms) = preSolution
		Debug|Any CPU = Debug|Any CPU
		Release|Any CPU = Release|Any CPU
	EndGlobalSection
	GlobalSection(ProjectConfigurationPlatforms) = postSolution
		{A7A5C908-1155-44EA-BC6A-95EB991DE5A6}.Debug|Any CPU.ActiveCfg = Debug|Any CPU
		{A7A5C908-1155-44EA-BC6A-95EB991DE5A6}.Debug|Any CPU.Build.0 = Debug|Any CPU
		{A7A5C908-1155-44EA-BC6A-95EB991DE5A6}.Release|Any CPU.ActiveCfg = Release|Any CPU
		{A7A5C908-1155-44EA-BC6A-95EB991DE5A6}.Release|Any CPU.Build.0 = Release|Any CPU
	EndGlobalSection
	GlobalSection(SolutionProperties) = preSolution
		HideSolutionNode = FALSE
	EndGlobalSection
	GlobalSection(ExtensibilityGlobals) = postSolution
		SolutionGuid = {3973D4D8-6D72-4D15-A440-72F504DC664A}
	EndGlobalSection
EndGlobal
